
Microsoft Visual Studio Solution File, Format Version 12.00
# Visual Studio Version 17
VisualStudioVersion = 17.10.35027.167
MinimumVisualStudioVersion = 10.0.40219.1
Project("{9A19103F-16F7-4668-BE54-9A1E7A4F7556}") = "CapaDatos", "CapaDatos\CapaDatos.csproj", "{1EBD4D48-6850-4A9D-8889-F2A08C650385}"
EndProject
Project("{9A19103F-16F7-4668-BE54-9A1E7A4F7556}") = "TvMazeApi", "TvMazeApi\TvMazeApi.csproj", "{292B43DB-CA7C-465F-AC74-A18FFDDBC7D3}"
EndProject
Project("{9A19103F-16F7-4668-BE54-9A1E7A4F7556}") = "CapaServicios", "CapaServicios\CapaServicios.csproj", "{1EA08A49-9FB9-4CB6-96CA-BE5CDB0EF445}"
EndProject
Project("{FAE04EC0-301F-11D3-BF4B-00C04F79EFBC}") = "CapaNegocio", "CapaNegocio\CapaNegocio.csproj", "{2E0F8951-D1E7-4416-9C39-590061A93E4D}"
EndProject
Global
	GlobalSection(SolutionConfigurationPlatforms) = preSolution
		Debug|Any CPU = Debug|Any CPU
		Release|Any CPU = Release|Any CPU
	EndGlobalSection
	GlobalSection(ProjectConfigurationPlatforms) = postSolution
		{1EBD4D48-6850-4A9D-8889-F2A08C650385}.Debug|Any CPU.ActiveCfg = Debug|Any CPU
		{1EBD4D48-6850-4A9D-8889-F2A08C650385}.Debug|Any CPU.Build.0 = Debug|Any CPU
		{1EBD4D48-6850-4A9D-8889-F2A08C650385}.Release|Any CPU.ActiveCfg = Release|Any CPU
		{1EBD4D48-6850-4A9D-8889-F2A08C650385}.Release|Any CPU.Build.0 = Release|Any CPU
		{292B43DB-CA7C-465F-AC74-A18FFDDBC7D3}.Debug|Any CPU.ActiveCfg = Debug|Any CPU
		{292B43DB-CA7C-465F-AC74-A18FFDDBC7D3}.Debug|Any CPU.Build.0 = Debug|Any CPU
		{292B43DB-CA7C-465F-AC74-A18FFDDBC7D3}.Release|Any CPU.ActiveCfg = Release|Any CPU
		{292B43DB-CA7C-465F-AC74-A18FFDDBC7D3}.Release|Any CPU.Build.0 = Release|Any CPU
		{1EA08A49-9FB9-4CB6-96CA-BE5CDB0EF445}.Debug|Any CPU.ActiveCfg = Debug|Any CPU
		{1EA08A49-9FB9-4CB6-96CA-BE5CDB0EF445}.Debug|Any CPU.Build.0 = Debug|Any CPU
		{1EA08A49-9FB9-4CB6-96CA-BE5CDB0EF445}.Release|Any CPU.ActiveCfg = Release|Any CPU
		{1EA08A49-9FB9-4CB6-96CA-BE5CDB0EF445}.Release|Any CPU.Build.0 = Release|Any CPU
		{2E0F8951-D1E7-4416-9C39-590061A93E4D}.Debug|Any CPU.ActiveCfg = Debug|Any CPU
		{2E0F8951-D1E7-4416-9C39-590061A93E4D}.Debug|Any CPU.Build.0 = Debug|Any CPU
		{2E0F8951-D1E7-4416-9C39-590061A93E4D}.Release|Any CPU.ActiveCfg = Release|Any CPU
		{2E0F8951-D1E7-4416-9C39-590061A93E4D}.Release|Any CPU.Build.0 = Release|Any CPU
	EndGlobalSection
	GlobalSection(SolutionProperties) = preSolution
		HideSolutionNode = FALSE
	EndGlobalSection
	GlobalSection(ExtensibilityGlobals) = postSolution
		SolutionGuid = {88B11081-F98B-418A-AA2B-2CEC43EDBD86}
	EndGlobalSection
EndGlobal
